
Microsoft Visual Studio Solution File, Format Version 12.00
# Visual Studio Version 16
VisualStudioVersion = 16.0.29424.173
MinimumVisualStudioVersion = 10.0.40219.1
Project("{FAE04EC0-301F-11D3-BF4B-00C04F79EFBC}") = "CreateStruct", "..\CreateStruct\CreateStruct.csproj", "{792B06E1-A1ED-4A7F-9141-9AE9270A816B}"
EndProject
Global
	GlobalSection(SolutionConfigurationPlatforms) = preSolution
		Debug|Any CPU = Debug|Any CPU
		Release|Any CPU = Release|Any CPU
	EndGlobalSection
	GlobalSection(ProjectConfigurationPlatforms) = postSolution
		{792B06E1-A1ED-4A7F-9141-9AE9270A816B}.Debug|Any CPU.ActiveCfg = Debug|Any CPU
		{792B06E1-A1ED-4A7F-9141-9AE9270A816B}.Debug|Any CPU.Build.0 = Debug|Any CPU
		{792B06E1-A1ED-4A7F-9141-9AE9270A816B}.Release|Any CPU.ActiveCfg = Release|Any CPU
		{792B06E1-A1ED-4A7F-9141-9AE9270A816B}.Release|Any CPU.Build.0 = Release|Any CPU
	EndGlobalSection
	GlobalSection(SolutionProperties) = preSolution
		HideSolutionNode = FALSE
	EndGlobalSection
	GlobalSection(ExtensibilityGlobals) = postSolution
		SolutionGuid = {82DDE855-BED9-4D81-BD3A-062B39438B7E}
	EndGlobalSection
EndGlobal
